
Microsoft Visual Studio Solution File, Format Version 12.00
# Visual Studio Version 17
VisualStudioVersion = 17.4.33122.133
MinimumVisualStudioVersion = 10.0.40219.1
Project("{9A19103F-16F7-4668-BE54-9A1E7A4F7556}") = "LibDMMGamePlayer", "LibDMMGamePlayer\LibDMMGamePlayer.csproj", "{B64657D3-B74D-4C03-B236-4569CAB4481A}"
EndProject
Project("{9A19103F-16F7-4668-BE54-9A1E7A4F7556}") = "LibDMMGamePlayer.Test", "LibDMMGamePlayer.Test\LibDMMGamePlayer.Test.csproj", "{4DF6E335-6243-4DEA-9216-B13AE8AB0A3D}"
EndProject
Global
	GlobalSection(SolutionConfigurationPlatforms) = preSolution
		Debug|Any CPU = Debug|Any CPU
		Release|Any CPU = Release|Any CPU
	EndGlobalSection
	GlobalSection(ProjectConfigurationPlatforms) = postSolution
		{B64657D3-B74D-4C03-B236-4569CAB4481A}.Debug|Any CPU.ActiveCfg = Debug|Any CPU
		{B64657D3-B74D-4C03-B236-4569CAB4481A}.Debug|Any CPU.Build.0 = Debug|Any CPU
		{B64657D3-B74D-4C03-B236-4569CAB4481A}.Release|Any CPU.ActiveCfg = Release|Any CPU
		{B64657D3-B74D-4C03-B236-4569CAB4481A}.Release|Any CPU.Build.0 = Release|Any CPU
		{4DF6E335-6243-4DEA-9216-B13AE8AB0A3D}.Debug|Any CPU.ActiveCfg = Debug|Any CPU
		{4DF6E335-6243-4DEA-9216-B13AE8AB0A3D}.Debug|Any CPU.Build.0 = Debug|Any CPU
		{4DF6E335-6243-4DEA-9216-B13AE8AB0A3D}.Release|Any CPU.ActiveCfg = Release|Any CPU
		{4DF6E335-6243-4DEA-9216-B13AE8AB0A3D}.Release|Any CPU.Build.0 = Release|Any CPU
	EndGlobalSection
	GlobalSection(SolutionProperties) = preSolution
		HideSolutionNode = FALSE
	EndGlobalSection
	GlobalSection(ExtensibilityGlobals) = postSolution
		SolutionGuid = {203B8CC5-0D03-4EDA-A6C3-CAE1BBF62F55}
	EndGlobalSection
EndGlobal
